
Microsoft Visual Studio Solution File, Format Version 12.00
# Visual Studio Version 16
VisualStudioVersion = 16.0.30717.126
MinimumVisualStudioVersion = 10.0.40219.1
Project("{9A19103F-16F7-4668-BE54-9A1E7A4F7556}") = "String1", "String1\String1.csproj", "{40ED1D4F-FF86-4429-92D8-60A6C114D214}"
EndProject
Project("{9A19103F-16F7-4668-BE54-9A1E7A4F7556}") = "Enumeracao1", "Enumeracao1\Enumeracao1.csproj", "{A0D95A74-4B7F-49AE-A36C-A66B73A09405}"
EndProject
Project("{9A19103F-16F7-4668-BE54-9A1E7A4F7556}") = "Composicao1", "Composicao1\Composicao1.csproj", "{22F1F787-9E4C-4D75-9A53-E4BE6B1866A0}"
EndProject
Project("{9A19103F-16F7-4668-BE54-9A1E7A4F7556}") = "Composicao2", "Composicao2\Composicao2.csproj", "{3EE9F5D4-AF70-409A-8ECE-D49D80346353}"
EndProject
Project("{9A19103F-16F7-4668-BE54-9A1E7A4F7556}") = "Composicao3", "Composicao3\Composicao3.csproj", "{85D117CD-8983-4F1D-A2AA-172245FBE1C5}"
EndProject
Project("{9A19103F-16F7-4668-BE54-9A1E7A4F7556}") = "Heranca1", "Heranca1\Heranca1.csproj", "{CB40DC46-E8F6-4500-8A74-020831E287FF}"
EndProject
Project("{9A19103F-16F7-4668-BE54-9A1E7A4F7556}") = "Heranca2", "Heranca2\Heranca2.csproj", "{AF4A023F-388D-44C9-9E58-87DEF5313877}"
EndProject
Project("{9A19103F-16F7-4668-BE54-9A1E7A4F7556}") = "Heranca4", "Heranca4\Heranca4.csproj", "{E6DA9366-A192-4BE1-ABF1-C420D09EF7B5}"
EndProject
Project("{9A19103F-16F7-4668-BE54-9A1E7A4F7556}") = "Heranca5", "Heranca5\Heranca5.csproj", "{05B313EA-88AE-426E-8070-F2709E27827F}"
EndProject
Project("{9A19103F-16F7-4668-BE54-9A1E7A4F7556}") = "Heranca6", "Heranca6\Heranca6.csproj", "{A83AB476-5167-4B70-8E07-E99ACDA2AA74}"
EndProject
Project("{9A19103F-16F7-4668-BE54-9A1E7A4F7556}") = "Heranca7", "Heranca7\Heranca7.csproj", "{12C7E377-C3CE-4F0B-9967-9F6AC9C4C006}"
EndProject
Project("{9A19103F-16F7-4668-BE54-9A1E7A4F7556}") = "Heranca8", "Heranca8\Heranca8.csproj", "{D34BF6BD-57E4-4887-AB7F-28BA50CD3628}"
EndProject
Project("{9A19103F-16F7-4668-BE54-9A1E7A4F7556}") = "Excecoes1", "Excecoes1\Excecoes1.csproj", "{137E4128-E169-4C1B-8B4B-6C75D53A6453}"
EndProject
Project("{9A19103F-16F7-4668-BE54-9A1E7A4F7556}") = "Excecoes2", "Excecoes2\Excecoes2.csproj", "{EE15F5F3-EBBF-4E6C-AC26-42E7EC9AF2D1}"
EndProject
Project("{9A19103F-16F7-4668-BE54-9A1E7A4F7556}") = "Arquivos1", "Arquivos1\Arquivos1.csproj", "{97A1089C-8724-4554-AEE7-F44C210F481E}"
EndProject
Project("{9A19103F-16F7-4668-BE54-9A1E7A4F7556}") = "Arquivos2", "Arquivos2\Arquivos2.csproj", "{4E7A8FD5-95CF-4D2D-9911-11AC9F289372}"
EndProject
Project("{9A19103F-16F7-4668-BE54-9A1E7A4F7556}") = "Arquivos2b", "Arquivos2b\Arquivos2b.csproj", "{D742C52B-D18B-47DB-A846-E6F70D3F0FA0}"
EndProject
Project("{9A19103F-16F7-4668-BE54-9A1E7A4F7556}") = "Arquivos3", "Arquivos3\Arquivos3.csproj", "{1F4B7F1A-D697-4AC4-954C-8BEC92413A6A}"
EndProject
Project("{9A19103F-16F7-4668-BE54-9A1E7A4F7556}") = "Arquivos3b", "Arquivos3b\Arquivos3b.csproj", "{069E1DFC-A6F1-4F81-808F-A51D1BF7E989}"
EndProject
Project("{9A19103F-16F7-4668-BE54-9A1E7A4F7556}") = "Arquivos4", "Arquivos4\Arquivos4.csproj", "{7A70F5F2-4E6E-4F72-9C01-9744C2F2D25C}"
EndProject
Project("{9A19103F-16F7-4668-BE54-9A1E7A4F7556}") = "Arquivos5", "Arquivos5\Arquivos5.csproj", "{D01E4AF1-77A0-4629-BAC7-7EA97CCD6E15}"
EndProject
Project("{9A19103F-16F7-4668-BE54-9A1E7A4F7556}") = "Arquivos6", "Arquivos6\Arquivos6.csproj", "{1292030D-5D6F-4E4C-BA4C-442533BE04AB}"
EndProject
Project("{9A19103F-16F7-4668-BE54-9A1E7A4F7556}") = "Arquivos7", "Arquivos7\Arquivos7.csproj", "{718DD0E1-E9F8-4E87-B63B-CC5F9B9839F6}"
EndProject
Project("{9A19103F-16F7-4668-BE54-9A1E7A4F7556}") = "Interfaces01", "Interfaces01\Interfaces01.csproj", "{D7C002FA-EA6E-4420-B28D-D2CB3E398904}"
EndProject
Project("{9A19103F-16F7-4668-BE54-9A1E7A4F7556}") = "Interfaces02", "Interfaces02\Interfaces02.csproj", "{2E849052-6447-45E4-BF20-68CFB589074D}"
EndProject
Project("{9A19103F-16F7-4668-BE54-9A1E7A4F7556}") = "Interfaces03", "Interfaces03\Interfaces03.csproj", "{17E033CB-7F08-4909-B27D-4C7D13AFF403}"
EndProject
Project("{9A19103F-16F7-4668-BE54-9A1E7A4F7556}") = "Interfaces04", "Interfaces04\Interfaces04.csproj", "{DB4D4111-9942-4E8D-9C13-0B7B7D3CC254}"
EndProject
Project("{9A19103F-16F7-4668-BE54-9A1E7A4F7556}") = "Interfaces05", "Interfaces05\Interfaces05.csproj", "{F64242E6-E5D6-4F09-AACC-D6FC1E62FC25}"
EndProject
Project("{9A19103F-16F7-4668-BE54-9A1E7A4F7556}") = "Interfaces06", "Interfaces06\Interfaces06.csproj", "{706BA1E2-0518-4D6F-9869-E12AB987A4FD}"
EndProject
Project("{9A19103F-16F7-4668-BE54-9A1E7A4F7556}") = "Generics01", "Generics01\Generics01.csproj", "{4BE5DE25-231D-4E38-BDB7-5F8E19D12A89}"
EndProject
Project("{9A19103F-16F7-4668-BE54-9A1E7A4F7556}") = "Generics02", "Generics02\Generics02.csproj", "{85730D08-E6FB-49FA-8E73-3531F1D52CCB}"
EndProject
Project("{FAE04EC0-301F-11D3-BF4B-00C04F79EFBC}") = "Generics03", "Generics03\Generics03.csproj", "{90364025-63F7-4024-8A63-B0F939C7B0C4}"
EndProject
Project("{FAE04EC0-301F-11D3-BF4B-00C04F79EFBC}") = "Generics04", "Generics04\Generics04.csproj", "{87428C90-4089-4BF1-8627-202E89876C1D}"
EndProject
Global
	GlobalSection(SolutionConfigurationPlatforms) = preSolution
		Debug|Any CPU = Debug|Any CPU
		Release|Any CPU = Release|Any CPU
	EndGlobalSection
	GlobalSection(ProjectConfigurationPlatforms) = postSolution
		{40ED1D4F-FF86-4429-92D8-60A6C114D214}.Debug|Any CPU.ActiveCfg = Debug|Any CPU
		{40ED1D4F-FF86-4429-92D8-60A6C114D214}.Debug|Any CPU.Build.0 = Debug|Any CPU
		{40ED1D4F-FF86-4429-92D8-60A6C114D214}.Release|Any CPU.ActiveCfg = Release|Any CPU
		{40ED1D4F-FF86-4429-92D8-60A6C114D214}.Release|Any CPU.Build.0 = Release|Any CPU
		{A0D95A74-4B7F-49AE-A36C-A66B73A09405}.Debug|Any CPU.ActiveCfg = Debug|Any CPU
		{A0D95A74-4B7F-49AE-A36C-A66B73A09405}.Debug|Any CPU.Build.0 = Debug|Any CPU
		{A0D95A74-4B7F-49AE-A36C-A66B73A09405}.Release|Any CPU.ActiveCfg = Release|Any CPU
		{A0D95A74-4B7F-49AE-A36C-A66B73A09405}.Release|Any CPU.Build.0 = Release|Any CPU
		{22F1F787-9E4C-4D75-9A53-E4BE6B1866A0}.Debug|Any CPU.ActiveCfg = Debug|Any CPU
		{22F1F787-9E4C-4D75-9A53-E4BE6B1866A0}.Debug|Any CPU.Build.0 = Debug|Any CPU
		{22F1F787-9E4C-4D75-9A53-E4BE6B1866A0}.Release|Any CPU.ActiveCfg = Release|Any CPU
		{22F1F787-9E4C-4D75-9A53-E4BE6B1866A0}.Release|Any CPU.Build.0 = Release|Any CPU
		{3EE9F5D4-AF70-409A-8ECE-D49D80346353}.Debug|Any CPU.ActiveCfg = Debug|Any CPU
		{3EE9F5D4-AF70-409A-8ECE-D49D80346353}.Debug|Any CPU.Build.0 = Debug|Any CPU
		{3EE9F5D4-AF70-409A-8ECE-D49D80346353}.Release|Any CPU.ActiveCfg = Release|Any CPU
		{3EE9F5D4-AF70-409A-8ECE-D49D80346353}.Release|Any CPU.Build.0 = Release|Any CPU
		{85D117CD-8983-4F1D-A2AA-172245FBE1C5}.Debug|Any CPU.ActiveCfg = Debug|Any CPU
		{85D117CD-8983-4F1D-A2AA-172245FBE1C5}.Debug|Any CPU.Build.0 = Debug|Any CPU
		{85D117CD-8983-4F1D-A2AA-172245FBE1C5}.Release|Any CPU.ActiveCfg = Release|Any CPU
		{85D117CD-8983-4F1D-A2AA-172245FBE1C5}.Release|Any CPU.Build.0 = Release|Any CPU
		{CB40DC46-E8F6-4500-8A74-020831E287FF}.Debug|Any CPU.ActiveCfg = Debug|Any CPU
		{CB40DC46-E8F6-4500-8A74-020831E287FF}.Debug|Any CPU.Build.0 = Debug|Any CPU
		{CB40DC46-E8F6-4500-8A74-020831E287FF}.Release|Any CPU.ActiveCfg = Release|Any CPU
		{CB40DC46-E8F6-4500-8A74-020831E287FF}.Release|Any CPU.Build.0 = Release|Any CPU
		{AF4A023F-388D-44C9-9E58-87DEF5313877}.Debug|Any CPU.ActiveCfg = Debug|Any CPU
		{AF4A023F-388D-44C9-9E58-87DEF5313877}.Debug|Any CPU.Build.0 = Debug|Any CPU
		{AF4A023F-388D-44C9-9E58-87DEF5313877}.Release|Any CPU.ActiveCfg = Release|Any CPU
		{AF4A023F-388D-44C9-9E58-87DEF5313877}.Release|Any CPU.Build.0 = Release|Any CPU
		{E6DA9366-A192-4BE1-ABF1-C420D09EF7B5}.Debug|Any CPU.ActiveCfg = Debug|Any CPU
		{E6DA9366-A192-4BE1-ABF1-C420D09EF7B5}.Debug|Any CPU.Build.0 = Debug|Any CPU
		{E6DA9366-A192-4BE1-ABF1-C420D09EF7B5}.Release|Any CPU.ActiveCfg = Release|Any CPU
		{E6DA9366-A192-4BE1-ABF1-C420D09EF7B5}.Release|Any CPU.Build.0 = Release|Any CPU
		{05B313EA-88AE-426E-8070-F2709E27827F}.Debug|Any CPU.ActiveCfg = Debug|Any CPU
		{05B313EA-88AE-426E-8070-F2709E27827F}.Debug|Any CPU.Build.0 = Debug|Any CPU
		{05B313EA-88AE-426E-8070-F2709E27827F}.Release|Any CPU.ActiveCfg = Release|Any CPU
		{05B313EA-88AE-426E-8070-F2709E27827F}.Release|Any CPU.Build.0 = Release|Any CPU
		{A83AB476-5167-4B70-8E07-E99ACDA2AA74}.Debug|Any CPU.ActiveCfg = Debug|Any CPU
		{A83AB476-5167-4B70-8E07-E99ACDA2AA74}.Debug|Any CPU.Build.0 = Debug|Any CPU
		{A83AB476-5167-4B70-8E07-E99ACDA2AA74}.Release|Any CPU.ActiveCfg = Release|Any CPU
		{A83AB476-5167-4B70-8E07-E99ACDA2AA74}.Release|Any CPU.Build.0 = Release|Any CPU
		{12C7E377-C3CE-4F0B-9967-9F6AC9C4C006}.Debug|Any CPU.ActiveCfg = Debug|Any CPU
		{12C7E377-C3CE-4F0B-9967-9F6AC9C4C006}.Debug|Any CPU.Build.0 = Debug|Any CPU
		{12C7E377-C3CE-4F0B-9967-9F6AC9C4C006}.Release|Any CPU.ActiveCfg = Release|Any CPU
		{12C7E377-C3CE-4F0B-9967-9F6AC9C4C006}.Release|Any CPU.Build.0 = Release|Any CPU
		{D34BF6BD-57E4-4887-AB7F-28BA50CD3628}.Debug|Any CPU.ActiveCfg = Debug|Any CPU
		{D34BF6BD-57E4-4887-AB7F-28BA50CD3628}.Debug|Any CPU.Build.0 = Debug|Any CPU
		{D34BF6BD-57E4-4887-AB7F-28BA50CD3628}.Release|Any CPU.ActiveCfg = Release|Any CPU
		{D34BF6BD-57E4-4887-AB7F-28BA50CD3628}.Release|Any CPU.Build.0 = Release|Any CPU
		{137E4128-E169-4C1B-8B4B-6C75D53A6453}.Debug|Any CPU.ActiveCfg = Debug|Any CPU
		{137E4128-E169-4C1B-8B4B-6C75D53A6453}.Debug|Any CPU.Build.0 = Debug|Any CPU
		{137E4128-E169-4C1B-8B4B-6C75D53A6453}.Release|Any CPU.ActiveCfg = Release|Any CPU
		{137E4128-E169-4C1B-8B4B-6C75D53A6453}.Release|Any CPU.Build.0 = Release|Any CPU
		{EE15F5F3-EBBF-4E6C-AC26-42E7EC9AF2D1}.Debug|Any CPU.ActiveCfg = Debug|Any CPU
		{EE15F5F3-EBBF-4E6C-AC26-42E7EC9AF2D1}.Debug|Any CPU.Build.0 = Debug|Any CPU
		{EE15F5F3-EBBF-4E6C-AC26-42E7EC9AF2D1}.Release|Any CPU.ActiveCfg = Release|Any CPU
		{EE15F5F3-EBBF-4E6C-AC26-42E7EC9AF2D1}.Release|Any CPU.Build.0 = Release|Any CPU
		{97A1089C-8724-4554-AEE7-F44C210F481E}.Debug|Any CPU.ActiveCfg = Debug|Any CPU
		{97A1089C-8724-4554-AEE7-F44C210F481E}.Debug|Any CPU.Build.0 = Debug|Any CPU
		{97A1089C-8724-4554-AEE7-F44C210F481E}.Release|Any CPU.ActiveCfg = Release|Any CPU
		{97A1089C-8724-4554-AEE7-F44C210F481E}.Release|Any CPU.Build.0 = Release|Any CPU
		{4E7A8FD5-95CF-4D2D-9911-11AC9F289372}.Debug|Any CPU.ActiveCfg = Debug|Any CPU
		{4E7A8FD5-95CF-4D2D-9911-11AC9F289372}.Debug|Any CPU.Build.0 = Debug|Any CPU
		{4E7A8FD5-95CF-4D2D-9911-11AC9F289372}.Release|Any CPU.ActiveCfg = Release|Any CPU
		{4E7A8FD5-95CF-4D2D-9911-11AC9F289372}.Release|Any CPU.Build.0 = Release|Any CPU
		{D742C52B-D18B-47DB-A846-E6F70D3F0FA0}.Debug|Any CPU.ActiveCfg = Debug|Any CPU
		{D742C52B-D18B-47DB-A846-E6F70D3F0FA0}.Debug|Any CPU.Build.0 = Debug|Any CPU
		{D742C52B-D18B-47DB-A846-E6F70D3F0FA0}.Release|Any CPU.ActiveCfg = Release|Any CPU
		{D742C52B-D18B-47DB-A846-E6F70D3F0FA0}.Release|Any CPU.Build.0 = Release|Any CPU
		{1F4B7F1A-D697-4AC4-954C-8BEC92413A6A}.Debug|Any CPU.ActiveCfg = Debug|Any CPU
		{1F4B7F1A-D697-4AC4-954C-8BEC92413A6A}.Debug|Any CPU.Build.0 = Debug|Any CPU
		{1F4B7F1A-D697-4AC4-954C-8BEC92413A6A}.Release|Any CPU.ActiveCfg = Release|Any CPU
		{1F4B7F1A-D697-4AC4-954C-8BEC92413A6A}.Release|Any CPU.Build.0 = Release|Any CPU
		{069E1DFC-A6F1-4F81-808F-A51D1BF7E989}.Debug|Any CPU.ActiveCfg = Debug|Any CPU
		{069E1DFC-A6F1-4F81-808F-A51D1BF7E989}.Debug|Any CPU.Build.0 = Debug|Any CPU
		{069E1DFC-A6F1-4F81-808F-A51D1BF7E989}.Release|Any CPU.ActiveCfg = Release|Any CPU
		{069E1DFC-A6F1-4F81-808F-A51D1BF7E989}.Release|Any CPU.Build.0 = Release|Any CPU
		{7A70F5F2-4E6E-4F72-9C01-9744C2F2D25C}.Debug|Any CPU.ActiveCfg = Debug|Any CPU
		{7A70F5F2-4E6E-4F72-9C01-9744C2F2D25C}.Debug|Any CPU.Build.0 = Debug|Any CPU
		{7A70F5F2-4E6E-4F72-9C01-9744C2F2D25C}.Release|Any CPU.ActiveCfg = Release|Any CPU
		{7A70F5F2-4E6E-4F72-9C01-9744C2F2D25C}.Release|Any CPU.Build.0 = Release|Any CPU
		{D01E4AF1-77A0-4629-BAC7-7EA97CCD6E15}.Debug|Any CPU.ActiveCfg = Debug|Any CPU
		{D01E4AF1-77A0-4629-BAC7-7EA97CCD6E15}.Debug|Any CPU.Build.0 = Debug|Any CPU
		{D01E4AF1-77A0-4629-BAC7-7EA97CCD6E15}.Release|Any CPU.ActiveCfg = Release|Any CPU
		{D01E4AF1-77A0-4629-BAC7-7EA97CCD6E15}.Release|Any CPU.Build.0 = Release|Any CPU
		{1292030D-5D6F-4E4C-BA4C-442533BE04AB}.Debug|Any CPU.ActiveCfg = Debug|Any CPU
		{1292030D-5D6F-4E4C-BA4C-442533BE04AB}.Debug|Any CPU.Build.0 = Debug|Any CPU
		{1292030D-5D6F-4E4C-BA4C-442533BE04AB}.Release|Any CPU.ActiveCfg = Release|Any CPU
		{1292030D-5D6F-4E4C-BA4C-442533BE04AB}.Release|Any CPU.Build.0 = Release|Any CPU
		{718DD0E1-E9F8-4E87-B63B-CC5F9B9839F6}.Debug|Any CPU.ActiveCfg = Debug|Any CPU
		{718DD0E1-E9F8-4E87-B63B-CC5F9B9839F6}.Debug|Any CPU.Build.0 = Debug|Any CPU
		{718DD0E1-E9F8-4E87-B63B-CC5F9B9839F6}.Release|Any CPU.ActiveCfg = Release|Any CPU
		{718DD0E1-E9F8-4E87-B63B-CC5F9B9839F6}.Release|Any CPU.Build.0 = Release|Any CPU
		{D7C002FA-EA6E-4420-B28D-D2CB3E398904}.Debug|Any CPU.ActiveCfg = Debug|Any CPU
		{D7C002FA-EA6E-4420-B28D-D2CB3E398904}.Debug|Any CPU.Build.0 = Debug|Any CPU
		{D7C002FA-EA6E-4420-B28D-D2CB3E398904}.Release|Any CPU.ActiveCfg = Release|Any CPU
		{D7C002FA-EA6E-4420-B28D-D2CB3E398904}.Release|Any CPU.Build.0 = Release|Any CPU
		{2E849052-6447-45E4-BF20-68CFB589074D}.Debug|Any CPU.ActiveCfg = Debug|Any CPU
		{2E849052-6447-45E4-BF20-68CFB589074D}.Debug|Any CPU.Build.0 = Debug|Any CPU
		{2E849052-6447-45E4-BF20-68CFB589074D}.Release|Any CPU.ActiveCfg = Release|Any CPU
		{2E849052-6447-45E4-BF20-68CFB589074D}.Release|Any CPU.Build.0 = Release|Any CPU
		{17E033CB-7F08-4909-B27D-4C7D13AFF403}.Debug|Any CPU.ActiveCfg = Debug|Any CPU
		{17E033CB-7F08-4909-B27D-4C7D13AFF403}.Debug|Any CPU.Build.0 = Debug|Any CPU
		{17E033CB-7F08-4909-B27D-4C7D13AFF403}.Release|Any CPU.ActiveCfg = Release|Any CPU
		{17E033CB-7F08-4909-B27D-4C7D13AFF403}.Release|Any CPU.Build.0 = Release|Any CPU
		{DB4D4111-9942-4E8D-9C13-0B7B7D3CC254}.Debug|Any CPU.ActiveCfg = Debug|Any CPU
		{DB4D4111-9942-4E8D-9C13-0B7B7D3CC254}.Debug|Any CPU.Build.0 = Debug|Any CPU
		{DB4D4111-9942-4E8D-9C13-0B7B7D3CC254}.Release|Any CPU.ActiveCfg = Release|Any CPU
		{DB4D4111-9942-4E8D-9C13-0B7B7D3CC254}.Release|Any CPU.Build.0 = Release|Any CPU
		{F64242E6-E5D6-4F09-AACC-D6FC1E62FC25}.Debug|Any CPU.ActiveCfg = Debug|Any CPU
		{F64242E6-E5D6-4F09-AACC-D6FC1E62FC25}.Debug|Any CPU.Build.0 = Debug|Any CPU
		{F64242E6-E5D6-4F09-AACC-D6FC1E62FC25}.Release|Any CPU.ActiveCfg = Release|Any CPU
		{F64242E6-E5D6-4F09-AACC-D6FC1E62FC25}.Release|Any CPU.Build.0 = Release|Any CPU
		{706BA1E2-0518-4D6F-9869-E12AB987A4FD}.Debug|Any CPU.ActiveCfg = Debug|Any CPU
		{706BA1E2-0518-4D6F-9869-E12AB987A4FD}.Debug|Any CPU.Build.0 = Debug|Any CPU
		{706BA1E2-0518-4D6F-9869-E12AB987A4FD}.Release|Any CPU.ActiveCfg = Release|Any CPU
		{706BA1E2-0518-4D6F-9869-E12AB987A4FD}.Release|Any CPU.Build.0 = Release|Any CPU
		{4BE5DE25-231D-4E38-BDB7-5F8E19D12A89}.Debug|Any CPU.ActiveCfg = Debug|Any CPU
		{4BE5DE25-231D-4E38-BDB7-5F8E19D12A89}.Debug|Any CPU.Build.0 = Debug|Any CPU
		{4BE5DE25-231D-4E38-BDB7-5F8E19D12A89}.Release|Any CPU.ActiveCfg = Release|Any CPU
		{4BE5DE25-231D-4E38-BDB7-5F8E19D12A89}.Release|Any CPU.Build.0 = Release|Any CPU
		{85730D08-E6FB-49FA-8E73-3531F1D52CCB}.Debug|Any CPU.ActiveCfg = Debug|Any CPU
		{85730D08-E6FB-49FA-8E73-3531F1D52CCB}.Debug|Any CPU.Build.0 = Debug|Any CPU
		{85730D08-E6FB-49FA-8E73-3531F1D52CCB}.Release|Any CPU.ActiveCfg = Release|Any CPU
		{85730D08-E6FB-49FA-8E73-3531F1D52CCB}.Release|Any CPU.Build.0 = Release|Any CPU
		{90364025-63F7-4024-8A63-B0F939C7B0C4}.Debug|Any CPU.ActiveCfg = Debug|Any CPU
		{90364025-63F7-4024-8A63-B0F939C7B0C4}.Debug|Any CPU.Build.0 = Debug|Any CPU
		{90364025-63F7-4024-8A63-B0F939C7B0C4}.Release|Any CPU.ActiveCfg = Release|Any CPU
		{90364025-63F7-4024-8A63-B0F939C7B0C4}.Release|Any CPU.Build.0 = Release|Any CPU
		{87428C90-4089-4BF1-8627-202E89876C1D}.Debug|Any CPU.ActiveCfg = Debug|Any CPU
		{87428C90-4089-4BF1-8627-202E89876C1D}.Debug|Any CPU.Build.0 = Debug|Any CPU
		{87428C90-4089-4BF1-8627-202E89876C1D}.Release|Any CPU.ActiveCfg = Release|Any CPU
		{87428C90-4089-4BF1-8627-202E89876C1D}.Release|Any CPU.Build.0 = Release|Any CPU
	EndGlobalSection
	GlobalSection(SolutionProperties) = preSolution
		HideSolutionNode = FALSE
	EndGlobalSection
	GlobalSection(ExtensibilityGlobals) = postSolution
		SolutionGuid = {0FBF53AD-1B07-4515-99FC-E2E9F7ADCF0D}
	EndGlobalSection
EndGlobal
